{
  "name": "ts-utils-format-and-validation-values",
  "version": "0.0.7",
  "lockfileVersion": 1,
  "requires": true,
  "dependencies": {
    "cnpj-validation": {
      "version": "1.0.2",
      "resolved": "https://registry.npmjs.org/cnpj-validation/-/cnpj-validation-1.0.2.tgz",
      "integrity": "sha512-TzgIqwKb7o8P49LoNFduTL4TS33+zhALTFqkpz/g0OyJjBLXTkJRzu5BbtPp83Y7dWzKDjJqijpoPGJYPPKCyQ=="
    },
    "cpf-validation": {
      "version": "1.0.2",
      "resolved": "https://registry.npmjs.org/cpf-validation/-/cpf-validation-1.0.2.tgz",
      "integrity": "sha512-2nvcbPFL6Tbf3D0CyFW2zQ4Pl2xcQaZiTe5EwcRXzXhJDAohqx1aWFxwX6RryYqZ+jDQhtEoKsIaVGh0VZTTXA=="
    },
    "moment": {
      "version": "2.29.4",
      "resolved": "https://registry.npmjs.org/moment/-/moment-2.29.4.tgz",
      "integrity": "sha512-5LC9SOxjSc2HF6vO2CyuTDNivEdoz2IvyJJGj6X8DJ0eFyfszE0QiEd+iXmBvUP3WHxSjFH/vIsA0EN00cgr8w=="
    }
  }
}
