{
  "name": "ts-utils-format-and-validation-values",
  "version": "0.0.2",
  "lockfileVersion": 1,
  "requires": true,
  "dependencies": {
    "cnpj-validation": {
      "version": "1.0.0",
      "resolved": "https://registry.npmjs.org/cnpj-validation/-/cnpj-validation-1.0.0.tgz",
      "integrity": "sha512-gqwEumhCnzF/15XiRVuOL6eKUvs9OUfNw5/SA3Ey6RaLJfCSRS3X7/VKuAzVPs3arnLFvFx/zRWUzPwLv4eJcA=="
    },
    "cpf-validation": {
      "version": "1.0.0",
      "resolved": "https://registry.npmjs.org/cpf-validation/-/cpf-validation-1.0.0.tgz",
      "integrity": "sha512-3HlCEpLZw8vZmptW8mqkZ+dMWjQCgmjIqm69jxrBcqyOdPT69hKqJtpoh91I2mRE2quu5WboOuC6Ok5YPy7g1g=="
    },
    "moment": {
      "version": "2.24.0",
      "resolved": "https://registry.npmjs.org/moment/-/moment-2.24.0.tgz",
      "integrity": "sha512-bV7f+6l2QigeBBZSM/6yTNq4P2fNpSWj/0e7jQcy87A8e7o2nAfP/34/2ky5Vw4B9S446EtIhodAzkFCcR4dQg=="
    }
  }
}
